<?xml version="1.0" encoding="utf-8"?>
<Project ToolsVersion="4.0" xmlns="http://schemas.microsoft.com/developer/msbuild/2003">
  <ItemGroup>
    <Filter Include="Source Files">
      <UniqueIdentifier>{4FC737F1-C7A5-4376-A066-2A32D752A2FF}</UniqueIdentifier>
      <Extensions>cpp;c;cc;cxx;def;odl;idl;hpj;bat;asm;asmx</Extensions>
    </Filter>
    <Filter Include="Header Files">
      <UniqueIdentifier>{93995380-89BD-4b04-88EB-625FBE52EBFB}</UniqueIdentifier>
      <Extensions>h;hh;hpp;hxx;hm;inl;inc;xsd</Extensions>
    </Filter>
    <Filter Include="Resource Files">
      <UniqueIdentifier>{D9D6E242-F8AF-46E4-B9FD-80ECBC20BA3E}</UniqueIdentifier>
      <Extensions>qrc;*</Extensions>
      <ParseFiles>false</ParseFiles>
    </Filter>
    <Filter Include="Form Files">
      <UniqueIdentifier>{99349809-55BA-4b9d-BF79-8FDBB0286EB3}</UniqueIdentifier>
      <Extensions>ui</Extensions>
    </Filter>
    <Filter Include="Resource Files">
      <UniqueIdentifier>{D9D6E242-F8AF-46E4-B9FD-80ECBC20BA3E}</UniqueIdentifier>
      <Extensions>qrc;*</Extensions>
      <ParseFiles>false</ParseFiles>
    </Filter>
    <Filter Include="Generated Files">
      <UniqueIdentifier>{71ED8ED8-ACB9-4CE9-BBE1-E00B30144E11}</UniqueIdentifier>
      <Extensions>moc;h;cpp</Extensions>
      <SourceControlFiles>False</SourceControlFiles>
    </Filter>
    <Filter Include="Generated Files\Debug">
      <UniqueIdentifier>{6cff8fc4-d17c-49fb-a05d-1c97340668f5}</UniqueIdentifier>
      <Extensions>cpp;moc</Extensions>
      <SourceControlFiles>False</SourceControlFiles>
    </Filter>
    <Filter Include="Generated Files\Release">
      <UniqueIdentifier>{37ab7d35-bd3e-4267-bd17-512ca6c21926}</UniqueIdentifier>
      <Extensions>cpp;moc</Extensions>
      <SourceControlFiles>False</SourceControlFiles>
    </Filter>
    <Filter Include="Source Files\Camera">
      <UniqueIdentifier>{16c98741-357a-4bdb-aab5-ffa323ee6d51}</UniqueIdentifier>
    </Filter>
    <Filter Include="Header Files\Camera">
      <UniqueIdentifier>{f5ad4b26-75bf-4a2e-b0b7-b6aad6b79f45}</UniqueIdentifier>
    </Filter>
    <Filter Include="Header Files\Projection">
      <UniqueIdentifier>{e9c19c8a-cdc5-471c-befc-2767c043fe88}</UniqueIdentifier>
    </Filter>
    <Filter Include="Source Files\Projection">
      <UniqueIdentifier>{e2cde4b2-a549-48d9-9dc3-2cd40e82425e}</UniqueIdentifier>
    </Filter>
    <Filter Include="Source Files\Calibration">
      <UniqueIdentifier>{89979318-e8cf-42ad-8ada-e34e9f2589f0}</UniqueIdentifier>
    </Filter>
    <Filter Include="Header Files\Calibration">
      <UniqueIdentifier>{f3b5d151-82de-4001-8903-8b551f7eafe6}</UniqueIdentifier>
    </Filter>
    <Filter Include="Header Files\Arduino">
      <UniqueIdentifier>{034cd2f2-16fa-4443-8327-c559231a0142}</UniqueIdentifier>
    </Filter>
    <Filter Include="Source Files\Arduino">
      <UniqueIdentifier>{2d38aeac-eeca-4a79-902c-6d61bd6581e6}</UniqueIdentifier>
    </Filter>
    <Filter Include="Header Files\PaintingUI">
      <UniqueIdentifier>{e9d81677-fedf-4378-a9bf-f7f34c58a0e0}</UniqueIdentifier>
    </Filter>
    <Filter Include="Source Files\PaintingUI">
      <UniqueIdentifier>{98e7cbfb-2c3b-4c15-947a-7af1640bf32f}</UniqueIdentifier>
    </Filter>
  </ItemGroup>
  <ItemGroup>
    <ClCompile Include="main.cpp">
      <Filter>Source Files</Filter>
    </ClCompile>
    <ClCompile Include="ColorFab.cpp">
      <Filter>Source Files</Filter>
    </ClCompile>
    <ClCompile Include="GeneratedFiles\Debug\moc_ColorFab.cpp">
      <Filter>Generated Files\Debug</Filter>
    </ClCompile>
    <ClCompile Include="GeneratedFiles\Release\moc_ColorFab.cpp">
      <Filter>Generated Files\Release</Filter>
    </ClCompile>
    <ClCompile Include="GeneratedFiles\qrc_ColorFab.cpp">
      <Filter>Generated Files</Filter>
    </ClCompile>
    <ClCompile Include="RealSenseSR300.cpp">
      <Filter>Source Files\Camera</Filter>
    </ClCompile>
    <ClCompile Include="GeneratedFiles\Debug\moc_RealSenseSR300.cpp">
      <Filter>Generated Files\Debug</Filter>
    </ClCompile>
    <ClCompile Include="GeneratedFiles\Release\moc_RealSenseSR300.cpp">
      <Filter>Generated Files\Release</Filter>
    </ClCompile>
    <ClCompile Include="CameraViewer.cpp">
      <Filter>Source Files\Camera</Filter>
    </ClCompile>
    <ClCompile Include="GeneratedFiles\Debug\moc_CameraViewer.cpp">
      <Filter>Generated Files\Debug</Filter>
    </ClCompile>
    <ClCompile Include="GeneratedFiles\Debug\moc_Calibration.cpp">
      <Filter>Generated Files\Debug</Filter>
    </ClCompile>
    <ClCompile Include="GeneratedFiles\Release\moc_Calibration.cpp">
      <Filter>Generated Files\Release</Filter>
    </ClCompile>
    <ClCompile Include="GeneratedFiles\Debug\moc_Screen.cpp">
      <Filter>Generated Files\Debug</Filter>
    </ClCompile>
    <ClCompile Include="Rendering.cpp">
      <Filter>Source Files\Projection</Filter>
    </ClCompile>
    <ClCompile Include="GeneratedFiles\Debug\moc_Rendering.cpp">
      <Filter>Generated Files\Debug</Filter>
    </ClCompile>
    <ClCompile Include="RenderHelper.cpp">
      <Filter>Source Files\Projection</Filter>
    </ClCompile>
    <ClCompile Include="Stream.cpp">
      <Filter>Source Files</Filter>
    </ClCompile>
    <ClCompile Include="GeneratedFiles\Debug\moc_Stream.cpp">
      <Filter>Generated Files\Debug</Filter>
    </ClCompile>
    <ClCompile Include="GeneratedFiles\Release\moc_Stream.cpp">
      <Filter>Generated Files\Release</Filter>
    </ClCompile>
    <ClCompile Include="Timer.cpp">
      <Filter>Source Files</Filter>
    </ClCompile>
    <ClCompile Include="GeneratedFiles\Release\moc_Rendering.cpp">
      <Filter>Generated Files\Release</Filter>
    </ClCompile>
    <ClCompile Include="GeneratedFiles\Release\moc_Screen.cpp">
      <Filter>Generated Files\Release</Filter>
    </ClCompile>
    <ClCompile Include="Screen.cpp">
      <Filter>Source Files\Projection</Filter>
    </ClCompile>
    <ClCompile Include="GeneratedFiles\Release\moc_CameraViewer.cpp">
      <Filter>Generated Files\Release</Filter>
    </ClCompile>
    <ClCompile Include="Calibration.cpp">
      <Filter>Source Files\Calibration</Filter>
    </ClCompile>
    <ClCompile Include="PointGreyCamera.cpp">
      <Filter>Source Files\Camera</Filter>
    </ClCompile>
    <ClCompile Include="GeneratedFiles\Debug\moc_PointGreyCamera.cpp">
      <Filter>Generated Files\Debug</Filter>
    </ClCompile>
    <ClCompile Include="GeneratedFiles\Release\moc_PointGreyCamera.cpp">
      <Filter>Generated Files\Release</Filter>
    </ClCompile>
    <ClCompile Include="SerialController.cpp">
      <Filter>Source Files\Arduino</Filter>
    </ClCompile>
    <ClCompile Include="GeneratedFiles\Debug\moc_SerialController.cpp">
      <Filter>Generated Files\Debug</Filter>
    </ClCompile>
    <ClCompile Include="GeneratedFiles\Release\moc_SerialController.cpp">
      <Filter>Generated Files\Release</Filter>
    </ClCompile>
    <ClCompile Include="PaintingUI.cpp">
      <Filter>Source Files\PaintingUI</Filter>
    </ClCompile>
    <ClCompile Include="GeneratedFiles\Debug\moc_PaintingUI.cpp">
      <Filter>Generated Files\Debug</Filter>
    </ClCompile>
    <ClCompile Include="GeneratedFiles\Release\moc_PaintingUI.cpp">
      <Filter>Generated Files\Release</Filter>
    </ClCompile>
    <ClCompile Include="PaintingArea.cpp">
      <Filter>Source Files\PaintingUI</Filter>
    </ClCompile>
    <ClCompile Include="GeneratedFiles\Debug\moc_PaintingArea.cpp">
      <Filter>Generated Files\Debug</Filter>
    </ClCompile>
    <ClCompile Include="GeneratedFiles\Release\moc_PaintingArea.cpp">
      <Filter>Generated Files\Release</Filter>
    </ClCompile>
    <ClCompile Include="PaintingImageAnalysis.cpp">
      <Filter>Source Files\PaintingUI</Filter>
    </ClCompile>
  </ItemGroup>
  <ItemGroup>
    <CustomBuild Include="ColorFab.h">
      <Filter>Header Files</Filter>
    </CustomBuild>
    <CustomBuild Include="ColorFab.ui">
      <Filter>Form Files</Filter>
    </CustomBuild>
    <CustomBuild Include="ColorFab.qrc">
      <Filter>Resource Files</Filter>
    </CustomBuild>
    <CustomBuild Include="RealSenseSR300.h">
      <Filter>Header Files\Camera</Filter>
    </CustomBuild>
    <CustomBuild Include="CameraViewer.h">
      <Filter>Header Files\Camera</Filter>
    </CustomBuild>
    <CustomBuild Include="CameraViewer.ui">
      <Filter>Form Files</Filter>
    </CustomBuild>
    <CustomBuild Include="Screen.ui">
      <Filter>Form Files</Filter>
    </CustomBuild>
    <CustomBuild Include="Rendering.h">
      <Filter>Header Files\Projection</Filter>
    </CustomBuild>
    <CustomBuild Include="Stream.h">
      <Filter>Header Files</Filter>
    </CustomBuild>
    <CustomBuild Include="Screen.h">
      <Filter>Header Files\Projection</Filter>
    </CustomBuild>
    <CustomBuild Include="Calibration.h">
      <Filter>Header Files\Calibration</Filter>
    </CustomBuild>
    <CustomBuild Include="PointGreyCamera.h">
      <Filter>Header Files\Camera</Filter>
    </CustomBuild>
    <CustomBuild Include="SerialController.h">
      <Filter>Header Files\Arduino</Filter>
    </CustomBuild>
    <CustomBuild Include="Timer.h">
      <Filter>Header Files</Filter>
    </CustomBuild>
    <CustomBuild Include="PaintingUI.ui">
      <Filter>Form Files</Filter>
    </CustomBuild>
    <CustomBuild Include="PaintingUI.h">
      <Filter>Header Files\PaintingUI</Filter>
    </CustomBuild>
    <CustomBuild Include="PaintingArea.h">
      <Filter>Header Files\PaintingUI</Filter>
    </CustomBuild>
  </ItemGroup>
  <ItemGroup>
    <ClInclude Include="GeneratedFiles\ui_ColorFab.h">
      <Filter>Generated Files</Filter>
    </ClInclude>
    <ClInclude Include="Config.h">
      <Filter>Header Files</Filter>
    </ClInclude>
    <ClInclude Include="ImageHelper.h">
      <Filter>Header Files</Filter>
    </ClInclude>
    <ClInclude Include="GeneratedFiles\ui_CameraViewer.h">
      <Filter>Generated Files</Filter>
    </ClInclude>
    <ClInclude Include="GeneratedFiles\ui_Screen.h">
      <Filter>Generated Files</Filter>
    </ClInclude>
    <ClInclude Include="RenderHelper.h">
      <Filter>Header Files\Projection</Filter>
    </ClInclude>
    <ClInclude Include="StreamHelper.h">
      <Filter>Header Files</Filter>
    </ClInclude>
    <ClInclude Include="GeneratedFiles\ui_PaintingUI.h">
      <Filter>Generated Files</Filter>
    </ClInclude>
    <ClInclude Include="PaintingImageAnalysis.h">
      <Filter>Header Files\PaintingUI</Filter>
    </ClInclude>
  </ItemGroup>
  <ItemGroup>
    <ResourceCompile Include="ColorFab_2DPainting.rc" />
  </ItemGroup>
</Project>